
Microsoft Visual Studio Solution File, Format Version 12.00
# Visual Studio Version 17
VisualStudioVersion = 17.5.002.0
MinimumVisualStudioVersion = 10.0.40219.1
Project("{2150E333-8FDC-42A3-9474-1A3956D46DE8}") = "backend", "backend", "{5FB7F572-5641-4817-B697-3E849EDCC697}"
EndProject
Project("{9A19103F-16F7-4668-BE54-9A1E7A4F7556}") = "api", "backend\api\api.csproj", "{4DD28787-3EE9-40FC-89FD-C330670B30E2}"
EndProject
Global
	GlobalSection(SolutionConfigurationPlatforms) = preSolution
		Debug|Any CPU = Debug|Any CPU
		Release|Any CPU = Release|Any CPU
	EndGlobalSection
	GlobalSection(ProjectConfigurationPlatforms) = postSolution
		{4DD28787-3EE9-40FC-89FD-C330670B30E2}.Debug|Any CPU.ActiveCfg = Debug|Any CPU
		{4DD28787-3EE9-40FC-89FD-C330670B30E2}.Debug|Any CPU.Build.0 = Debug|Any CPU
		{4DD28787-3EE9-40FC-89FD-C330670B30E2}.Release|Any CPU.ActiveCfg = Release|Any CPU
		{4DD28787-3EE9-40FC-89FD-C330670B30E2}.Release|Any CPU.Build.0 = Release|Any CPU
	EndGlobalSection
	GlobalSection(SolutionProperties) = preSolution
		HideSolutionNode = FALSE
	EndGlobalSection
	GlobalSection(NestedProjects) = preSolution
		{4DD28787-3EE9-40FC-89FD-C330670B30E2} = {5FB7F572-5641-4817-B697-3E849EDCC697}
	EndGlobalSection
	GlobalSection(ExtensibilityGlobals) = postSolution
		SolutionGuid = {AC957AA3-BF0D-435E-A89B-32BDEC16A99A}
	EndGlobalSection
EndGlobal
